
Microsoft Visual Studio Solution File, Format Version 12.00
# Visual Studio Version 16
VisualStudioVersion = 16.0.30002.166
MinimumVisualStudioVersion = 10.0.40219.1
Project("{FAE04EC0-301F-11D3-BF4B-00C04F79EFBC}") = "QuestionSystem", "QuestionSystem\QuestionSystem.csproj", "{56AEFC2B-A2C8-4C64-BE2F-BA39DEBEE578}"
EndProject
Global
	GlobalSection(SolutionConfigurationPlatforms) = preSolution
		Debug|Any CPU = Debug|Any CPU
		Release|Any CPU = Release|Any CPU
	EndGlobalSection
	GlobalSection(ProjectConfigurationPlatforms) = postSolution
		{56AEFC2B-A2C8-4C64-BE2F-BA39DEBEE578}.Debug|Any CPU.ActiveCfg = Debug|Any CPU
		{56AEFC2B-A2C8-4C64-BE2F-BA39DEBEE578}.Debug|Any CPU.Build.0 = Debug|Any CPU
		{56AEFC2B-A2C8-4C64-BE2F-BA39DEBEE578}.Release|Any CPU.ActiveCfg = Release|Any CPU
		{56AEFC2B-A2C8-4C64-BE2F-BA39DEBEE578}.Release|Any CPU.Build.0 = Release|Any CPU
	EndGlobalSection
	GlobalSection(SolutionProperties) = preSolution
		HideSolutionNode = FALSE
	EndGlobalSection
	GlobalSection(ExtensibilityGlobals) = postSolution
		SolutionGuid = {CCD60EAC-A53A-476B-9B78-0088060F96D0}
	EndGlobalSection
EndGlobal
